
Microsoft Visual Studio Solution File, Format Version 12.00
# Visual Studio 15
VisualStudioVersion = 15.0.26730.12
MinimumVisualStudioVersion = 10.0.40219.1
Project("{FAE04EC0-301F-11D3-BF4B-00C04F79EFBC}") = "SlashBox", "SlashBox.csproj", "{42469C68-3B2F-740D-44CB-CCB72B636874}"
EndProject
Global
	GlobalSection(SolutionConfigurationPlatforms) = preSolution
		Debug|Any CPU = Debug|Any CPU
		Release|Any CPU = Release|Any CPU
	EndGlobalSection
	GlobalSection(ProjectConfigurationPlatforms) = postSolution
		{42469C68-3B2F-740D-44CB-CCB72B636874}.Debug|Any CPU.ActiveCfg = Debug|Any CPU
		{42469C68-3B2F-740D-44CB-CCB72B636874}.Debug|Any CPU.Build.0 = Debug|Any CPU
		{42469C68-3B2F-740D-44CB-CCB72B636874}.Release|Any CPU.ActiveCfg = Release|Any CPU
		{42469C68-3B2F-740D-44CB-CCB72B636874}.Release|Any CPU.Build.0 = Release|Any CPU
	EndGlobalSection
	GlobalSection(SolutionProperties) = preSolution
		HideSolutionNode = FALSE
	EndGlobalSection
	GlobalSection(ExtensibilityGlobals) = postSolution
		SolutionGuid = {0ECF3AC7-75A6-434E-A54B-0DA6D5E18D83}
	EndGlobalSection
EndGlobal
